
Microsoft Visual Studio Solution File, Format Version 12.00
Project("{2150E333-8FDC-42A3-9474-1A3956D46DE8}") = "DataProviders", "DataProviders", "{6D16E8A9-839A-4E00-8A5A-0E19C7BA3FA1}"
EndProject
Project("{2150E333-8FDC-42A3-9474-1A3956D46DE8}") = "Domain", "Domain", "{1E6741ED-83FC-4ED8-9EBC-9EE322625A10}"
EndProject
Project("{2150E333-8FDC-42A3-9474-1A3956D46DE8}") = "EntryPoints", "EntryPoints", "{CBD44284-879C-463E-B7FC-948956C60529}"
EndProject
Project("{2150E333-8FDC-42A3-9474-1A3956D46DE8}") = "UnitTests", "UnitTests", "{EA25BAA6-7D15-43F5-A5DB-5DC3E0482F47}"
EndProject
Project("{FAE04EC0-301F-11D3-BF4B-00C04F79EFBC}") = "UniversiteDomain", "UniversiteDomain\UniversiteDomain.csproj", "{459E3089-16A3-4529-BEE3-04C0AD666199}"
EndProject
Project("{FAE04EC0-301F-11D3-BF4B-00C04F79EFBC}") = "UniversiteDomainUnitTest", "UniversiteDomainUnitTest\UniversiteDomainUnitTest.csproj", "{A0F46E23-9F96-4F45-B927-44793F542031}"
EndProject
Project("{FAE04EC0-301F-11D3-BF4B-00C04F79EFBC}") = "UniversiteEFDataProvider", "UniversiteEFDataProvider\UniversiteEFDataProvider.csproj", "{8F0A6371-AD96-4833-B62C-3B9778E286B2}"
EndProject
Project("{FAE04EC0-301F-11D3-BF4B-00C04F79EFBC}") = "UniversiteRestApi", "UniversiteRestApi\UniversiteRestApi.csproj", "{0F5E8B70-639D-472E-91B0-3379A85DF74A}"
EndProject
Global
	GlobalSection(SolutionConfigurationPlatforms) = preSolution
		Debug|Any CPU = Debug|Any CPU
		Release|Any CPU = Release|Any CPU
	EndGlobalSection
	GlobalSection(NestedProjects) = preSolution
		{459E3089-16A3-4529-BEE3-04C0AD666199} = {1E6741ED-83FC-4ED8-9EBC-9EE322625A10}
		{A0F46E23-9F96-4F45-B927-44793F542031} = {EA25BAA6-7D15-43F5-A5DB-5DC3E0482F47}
		{8F0A6371-AD96-4833-B62C-3B9778E286B2} = {6D16E8A9-839A-4E00-8A5A-0E19C7BA3FA1}
		{0F5E8B70-639D-472E-91B0-3379A85DF74A} = {CBD44284-879C-463E-B7FC-948956C60529}
	EndGlobalSection
	GlobalSection(ProjectConfigurationPlatforms) = postSolution
		{459E3089-16A3-4529-BEE3-04C0AD666199}.Debug|Any CPU.ActiveCfg = Debug|Any CPU
		{459E3089-16A3-4529-BEE3-04C0AD666199}.Debug|Any CPU.Build.0 = Debug|Any CPU
		{459E3089-16A3-4529-BEE3-04C0AD666199}.Release|Any CPU.ActiveCfg = Release|Any CPU
		{459E3089-16A3-4529-BEE3-04C0AD666199}.Release|Any CPU.Build.0 = Release|Any CPU
		{A0F46E23-9F96-4F45-B927-44793F542031}.Debug|Any CPU.ActiveCfg = Debug|Any CPU
		{A0F46E23-9F96-4F45-B927-44793F542031}.Debug|Any CPU.Build.0 = Debug|Any CPU
		{A0F46E23-9F96-4F45-B927-44793F542031}.Release|Any CPU.ActiveCfg = Release|Any CPU
		{A0F46E23-9F96-4F45-B927-44793F542031}.Release|Any CPU.Build.0 = Release|Any CPU
		{8F0A6371-AD96-4833-B62C-3B9778E286B2}.Debug|Any CPU.ActiveCfg = Debug|Any CPU
		{8F0A6371-AD96-4833-B62C-3B9778E286B2}.Debug|Any CPU.Build.0 = Debug|Any CPU
		{8F0A6371-AD96-4833-B62C-3B9778E286B2}.Release|Any CPU.ActiveCfg = Release|Any CPU
		{8F0A6371-AD96-4833-B62C-3B9778E286B2}.Release|Any CPU.Build.0 = Release|Any CPU
		{0F5E8B70-639D-472E-91B0-3379A85DF74A}.Debug|Any CPU.ActiveCfg = Debug|Any CPU
		{0F5E8B70-639D-472E-91B0-3379A85DF74A}.Debug|Any CPU.Build.0 = Debug|Any CPU
		{0F5E8B70-639D-472E-91B0-3379A85DF74A}.Release|Any CPU.ActiveCfg = Release|Any CPU
		{0F5E8B70-639D-472E-91B0-3379A85DF74A}.Release|Any CPU.Build.0 = Release|Any CPU
	EndGlobalSection
EndGlobal
